
Microsoft Visual Studio Solution File, Format Version 12.00
# Visual Studio Version 16
VisualStudioVersion = 16.0.30503.244
MinimumVisualStudioVersion = 10.0.40219.1
Project("{FAE04EC0-301F-11D3-BF4B-00C04F79EFBC}") = "Christmas", "Christmas\Christmas.csproj", "{07209DE6-8DA0-4880-83DE-6A57BDFE6DAF}"
EndProject
Global
	GlobalSection(SolutionConfigurationPlatforms) = preSolution
		Debug|Any CPU = Debug|Any CPU
		Release|Any CPU = Release|Any CPU
	EndGlobalSection
	GlobalSection(ProjectConfigurationPlatforms) = postSolution
		{07209DE6-8DA0-4880-83DE-6A57BDFE6DAF}.Debug|Any CPU.ActiveCfg = Debug|Any CPU
		{07209DE6-8DA0-4880-83DE-6A57BDFE6DAF}.Debug|Any CPU.Build.0 = Debug|Any CPU
		{07209DE6-8DA0-4880-83DE-6A57BDFE6DAF}.Release|Any CPU.ActiveCfg = Release|Any CPU
		{07209DE6-8DA0-4880-83DE-6A57BDFE6DAF}.Release|Any CPU.Build.0 = Release|Any CPU
	EndGlobalSection
	GlobalSection(SolutionProperties) = preSolution
		HideSolutionNode = FALSE
	EndGlobalSection
	GlobalSection(ExtensibilityGlobals) = postSolution
		SolutionGuid = {D5176356-A68F-4FF6-AF2A-F8A427465C1E}
	EndGlobalSection
EndGlobal
