
Microsoft Visual Studio Solution File, Format Version 12.00
# Visual Studio Version 16
VisualStudioVersion = 16.0.30503.244
MinimumVisualStudioVersion = 10.0.40219.1
Project("{FAE04EC0-301F-11D3-BF4B-00C04F79EFBC}") = "ExcelExportalas04", "ExcelExportalas04\ExcelExportalas04.csproj", "{62A6397D-D020-4FCB-892E-32D3E6B88531}"
EndProject
Global
	GlobalSection(SolutionConfigurationPlatforms) = preSolution
		Debug|Any CPU = Debug|Any CPU
		Release|Any CPU = Release|Any CPU
	EndGlobalSection
	GlobalSection(ProjectConfigurationPlatforms) = postSolution
		{62A6397D-D020-4FCB-892E-32D3E6B88531}.Debug|Any CPU.ActiveCfg = Debug|Any CPU
		{62A6397D-D020-4FCB-892E-32D3E6B88531}.Debug|Any CPU.Build.0 = Debug|Any CPU
		{62A6397D-D020-4FCB-892E-32D3E6B88531}.Release|Any CPU.ActiveCfg = Release|Any CPU
		{62A6397D-D020-4FCB-892E-32D3E6B88531}.Release|Any CPU.Build.0 = Release|Any CPU
	EndGlobalSection
	GlobalSection(SolutionProperties) = preSolution
		HideSolutionNode = FALSE
	EndGlobalSection
	GlobalSection(ExtensibilityGlobals) = postSolution
		SolutionGuid = {C38DEB07-2FFA-419F-95E5-55B1AA97B768}
	EndGlobalSection
EndGlobal
